
Microsoft Visual Studio Solution File, Format Version 12.00
# Visual Studio Version 17
VisualStudioVersion = 17.14.36603.0 d17.14
MinimumVisualStudioVersion = 10.0.40219.1
Project("{FAE04EC0-301F-11D3-BF4B-00C04F79EFBC}") = "IdTable", "IdTable\IdTable.csproj", "{D8768DAD-1045-4FAB-B676-3E11C5826C33}"
EndProject
Global
	GlobalSection(SolutionConfigurationPlatforms) = preSolution
		Debug|Any CPU = Debug|Any CPU
		Release|Any CPU = Release|Any CPU
	EndGlobalSection
	GlobalSection(ProjectConfigurationPlatforms) = postSolution
		{D8768DAD-1045-4FAB-B676-3E11C5826C33}.Debug|Any CPU.ActiveCfg = Debug|Any CPU
		{D8768DAD-1045-4FAB-B676-3E11C5826C33}.Debug|Any CPU.Build.0 = Debug|Any CPU
		{D8768DAD-1045-4FAB-B676-3E11C5826C33}.Release|Any CPU.ActiveCfg = Release|Any CPU
		{D8768DAD-1045-4FAB-B676-3E11C5826C33}.Release|Any CPU.Build.0 = Release|Any CPU
	EndGlobalSection
	GlobalSection(SolutionProperties) = preSolution
		HideSolutionNode = FALSE
	EndGlobalSection
	GlobalSection(ExtensibilityGlobals) = postSolution
		SolutionGuid = {7E376016-E0A4-47E5-9CFC-E6377F15A1C2}
	EndGlobalSection
EndGlobal
